# THIS IS AN AUTOGENERATED FILE. DO NOT EDIT THIS FILE DIRECTLY.
# yarn lockfile v1


n3@^1.1.1:
  version "1.1.1"
  resolved "https://registry.yarnpkg.com/n3/-/n3-1.1.1.tgz#9201cdec6d73f1089d6ee60386f25095c8a1a4ac"
  integrity sha512-GEJXn+wc0f4l2noP1N/rMUH9Gei1DQ8IDN03eBsH+uQKkNQUOLgL7ZJVaDjY+pP3LmbLxL1LpUg/AvZ7Kc7KVw==
